
Microsoft Visual Studio Solution File, Format Version 11.00
# Visual Studio 2010
Project("{8BC9CEB8-8B4A-11D0-8D11-00A0C91BC942}") = "BasicTriangleTessellation", "BasicTriangleTessellation.vcxproj", "{2CF0DDD5-D516-40FA-ABD3-69413FF1E27A}"
EndProject
Global
	GlobalSection(SolutionConfigurationPlatforms) = preSolution
		Debug|Win32 = Debug|Win32
		Release|Win32 = Release|Win32
	EndGlobalSection
	GlobalSection(ProjectConfigurationPlatforms) = postSolution
		{2CF0DDD5-D516-40FA-ABD3-69413FF1E27A}.Debug|Win32.ActiveCfg = Debug|Win32
		{2CF0DDD5-D516-40FA-ABD3-69413FF1E27A}.Debug|Win32.Build.0 = Debug|Win32
		{2CF0DDD5-D516-40FA-ABD3-69413FF1E27A}.Release|Win32.ActiveCfg = Release|Win32
		{2CF0DDD5-D516-40FA-ABD3-69413FF1E27A}.Release|Win32.Build.0 = Release|Win32
	EndGlobalSection
	GlobalSection(SolutionProperties) = preSolution
		HideSolutionNode = FALSE
	EndGlobalSection
EndGlobal
